// !$*UTF8*$!
{
	archiveVersion = 1;
	classes = {
	};
	objectVersion = 50;
	objects = {

/* Begin PBXBuildFile section */
		ADB9A9B225DCA7CF00E3EFAE /* AppDelegate.swift in Sources */ = {isa = PBXBuildFile; fileRef = ADB9A9B125DCA7CF00E3EFAE /* AppDelegate.swift */; };
		ADB9A9B425DCA7CF00E3EFAE /* SceneDelegate.swift in Sources */ = {isa = PBXBuildFile; fileRef = ADB9A9B325DCA7CF00E3EFAE /* SceneDelegate.swift */; };
		ADB9A9B625DCA7CF00E3EFAE /* ViewController.swift in Sources */ = {isa = PBXBuildFile; fileRef = ADB9A9B525DCA7CF00E3EFAE /* ViewController.swift */; };
		ADB9A9B925DCA7CF00E3EFAE /* Main.storyboard in Resources */ = {isa = PBXBuildFile; fileRef = ADB9A9B725DCA7CF00E3EFAE /* Main.storyboard */; };
		ADB9A9BC25DCA7CF00E3EFAE /* TableViewSearchController.xcdatamodeld in Sources */ = {isa = PBXBuildFile; fileRef = ADB9A9BA25DCA7CF00E3EFAE /* TableViewSearchController.xcdatamodeld */; };
		ADB9A9BE25DCA7D100E3EFAE /* Assets.xcassets in Resources */ = {isa = PBXBuildFile; fileRef = ADB9A9BD25DCA7D100E3EFAE /* Assets.xcassets */; };
		ADB9A9C125DCA7D100E3EFAE /* LaunchScreen.storyboard in Resources */ = {isa = PBXBuildFile; fileRef = ADB9A9BF25DCA7D100E3EFAE /* LaunchScreen.storyboard */; };
		ADB9A9CA25DCAC6900E3EFAE /* MyTableViewCell.swift in Sources */ = {isa = PBXBuildFile; fileRef = ADB9A9C925DCAC6900E3EFAE /* MyTableViewCell.swift */; };
		ADB9A9CD25DCAD7700E3EFAE /* PlayerData.swift in Sources */ = {isa = PBXBuildFile; fileRef = ADB9A9CC25DCAD7700E3EFAE /* PlayerData.swift */; };
/* End PBXBuildFile section */

/* Begin PBXFileReference section */
		ADB9A9AE25DCA7CF00E3EFAE /* TableViewSearchController.app */ = {isa = PBXFileReference; explicitFileType = wrapper.application; includeInIndex = 0; path = TableViewSearchController.app; sourceTree = BUILT_PRODUCTS_DIR; };
		ADB9A9B125DCA7CF00E3EFAE /* AppDelegate.swift */ = {isa = PBXFileReference; lastKnownFileType = sourcecode.swift; path = AppDelegate.swift; sourceTree = "<group>"; };
		ADB9A9B325DCA7CF00E3EFAE /* SceneDelegate.swift */ = {isa = PBXFileReference; lastKnownFileType = sourcecode.swift; path = SceneDelegate.swift; sourceTree = "<group>"; };
		ADB9A9B525DCA7CF00E3EFAE /* ViewController.swift */ = {isa = PBXFileReference; lastKnownFileType = sourcecode.swift; path = ViewController.swift; sourceTree = "<group>"; };
		ADB9A9B825DCA7CF00E3EFAE /* Base */ = {isa = PBXFileReference; lastKnownFileType = file.storyboard; name = Base; path = Base.lproj/Main.storyboard; sourceTree = "<group>"; };
		ADB9A9BB25DCA7CF00E3EFAE /* TableViewSearchController.xcdatamodel */ = {isa = PBXFileReference; lastKnownFileType = wrapper.xcdatamodel; path = TableViewSearchController.xcdatamodel; sourceTree = "<group>"; };
		ADB9A9BD25DCA7D100E3EFAE /* Assets.xcassets */ = {isa = PBXFileReference; lastKnownFileType = folder.assetcatalog; path = Assets.xcassets; sourceTree = "<group>"; };
		ADB9A9C025DCA7D100E3EFAE /* Base */ = {isa = PBXFileReference; lastKnownFileType = file.storyboard; name = Base; path = Base.lproj/LaunchScreen.storyboard; sourceTree = "<group>"; };
		ADB9A9C225DCA7D100E3EFAE /* Info.plist */ = {isa = PBXFileReference; lastKnownFileType = text.plist.xml; path = Info.plist; sourceTree = "<group>"; };
		ADB9A9C925DCAC6900E3EFAE /* MyTableViewCell.swift */ = {isa = PBXFileReference; lastKnownFileType = sourcecode.swift; path = MyTableViewCell.swift; sourceTree = "<group>"; };
		ADB9A9CC25DCAD7700E3EFAE /* PlayerData.swift */ = {isa = PBXFileReference; lastKnownFileType = sourcecode.swift; path = PlayerData.swift; sourceTree = "<group>"; };
/* End PBXFileReference section */

/* Begin PBXFrameworksBuildPhase section */
		ADB9A9AB25DCA7CF00E3EFAE /* Frameworks */ = {
			isa = PBXFrameworksBuildPhase;
			buildActionMask = 2147483647;
			files = (
			);
			runOnlyForDeploymentPostprocessing = 0;
		};
/* End PBXFrameworksBuildPhase section */

/* Begin PBXGroup section */
		ADB9A9A525DCA7CF00E3EFAE = {
			isa = PBXGroup;
			children = (
				ADB9A9B025DCA7CF00E3EFAE /* TableViewSearchController */,
				ADB9A9AF25DCA7CF00E3EFAE /* Products */,
			);
			sourceTree = "<group>";
		};
		ADB9A9AF25DCA7CF00E3EFAE /* Products */ = {
			isa = PBXGroup;
			children = (
				ADB9A9AE25DCA7CF00E3EFAE /* TableViewSearchController.app */,
			);
			name = Products;
			sourceTree = "<group>";
		};
		ADB9A9B025DCA7CF00E3EFAE /* TableViewSearchController */ = {
			isa = PBXGroup;
			children = (
				ADB9A9B125DCA7CF00E3EFAE /* AppDelegate.swift */,
				ADB9A9B325DCA7CF00E3EFAE /* SceneDelegate.swift */,
				ADB9A9B525DCA7CF00E3EFAE /* ViewController.swift */,
				ADB9A9B725DCA7CF00E3EFAE /* Main.storyboard */,
				ADB9A9CC25DCAD7700E3EFAE /* PlayerData.swift */,
				ADB9A9C925DCAC6900E3EFAE /* MyTableViewCell.swift */,
				ADB9A9BD25DCA7D100E3EFAE /* Assets.xcassets */,
				ADB9A9BF25DCA7D100E3EFAE /* LaunchScreen.storyboard */,
				ADB9A9C225DCA7D100E3EFAE /* Info.plist */,
				ADB9A9BA25DCA7CF00E3EFAE /* TableViewSearchController.xcdatamodeld */,
			);
			path = TableViewSearchController;
			sourceTree = "<group>";
		};
/* End PBXGroup section */

/* Begin PBXNativeTarget section */
		ADB9A9AD25DCA7CF00E3EFAE /* TableViewSearchController */ = {
			isa = PBXNativeTarget;
			buildConfigurationList = ADB9A9C525DCA7D100E3EFAE /* Build configuration list for PBXNativeTarget "TableViewSearchController" */;
			buildPhases = (
				ADB9A9AA25DCA7CF00E3EFAE /* Sources */,
				ADB9A9AB25DCA7CF00E3EFAE /* Frameworks */,
				ADB9A9AC25DCA7CF00E3EFAE /* Resources */,
			);
			buildRules = (
			);
			dependencies = (
			);
			name = TableViewSearchController;
			productName = TableViewSearchController;
			productReference = ADB9A9AE25DCA7CF00E3EFAE /* TableViewSearchController.app */;
			productType = "com.apple.product-type.application";
		};
/* End PBXNativeTarget section */

/* Begin PBXProject section */
		ADB9A9A625DCA7CF00E3EFAE /* Project object */ = {
			isa = PBXProject;
			attributes = {
				LastSwiftUpdateCheck = 1240;
				LastUpgradeCheck = 1240;
				TargetAttributes = {
					ADB9A9AD25DCA7CF00E3EFAE = {
						CreatedOnToolsVersion = 12.4;
					};
				};
			};
			buildConfigurationList = ADB9A9A925DCA7CF00E3EFAE /* Build configuration list for PBXProject "TableViewSearchController" */;
			compatibilityVersion = "Xcode 9.3";
			developmentRegion = en;
			hasScannedForEncodings = 0;
			knownRegions = (
				en,
				Base,
			);
			mainGroup = ADB9A9A525DCA7CF00E3EFAE;
			productRefGroup = ADB9A9AF25DCA7CF00E3EFAE /* Products */;
			projectDirPath = "";
			projectRoot = "";
			targets = (
				ADB9A9AD25DCA7CF00E3EFAE /* TableViewSearchController */,
			);
		};
/* End PBXProject section */

/* Begin PBXResourcesBuildPhase section */
		ADB9A9AC25DCA7CF00E3EFAE /* Resources */ = {
			isa = PBXResourcesBuildPhase;
			buildActionMask = 2147483647;
			files = (
				ADB9A9C125DCA7D100E3EFAE /* LaunchScreen.storyboard in Resources */,
				ADB9A9BE25DCA7D100E3EFAE /* Assets.xcassets in Resources */,
				ADB9A9B925DCA7CF00E3EFAE /* Main.storyboard in Resources */,
			);
			runOnlyForDeploymentPostprocessing = 0;
		};
/* End PBXResourcesBuildPhase section */

/* Begin PBXSourcesBuildPhase section */
		ADB9A9AA25DCA7CF00E3EFAE /* Sources */ = {
			isa = PBXSourcesBuildPhase;
			buildActionMask = 2147483647;
			files = (
				ADB9A9CD25DCAD7700E3EFAE /* PlayerData.swift in Sources */,
				ADB9A9B625DCA7CF00E3EFAE /* ViewController.swift in Sources */,
				ADB9A9B225DCA7CF00E3EFAE /* AppDelegate.swift in Sources */,
				ADB9A9B425DCA7CF00E3EFAE /* SceneDelegate.swift in Sources */,
				ADB9A9CA25DCAC6900E3EFAE /* MyTableViewCell.swift in Sources */,
				ADB9A9BC25DCA7CF00E3EFAE /* TableViewSearchController.xcdatamodeld in Sources */,
			);
			runOnlyForDeploymentPostprocessing = 0;
		};
/* End PBXSourcesBuildPhase section */

/* Begin PBXVariantGroup section */
		ADB9A9B725DCA7CF00E3EFAE /* Main.storyboard */ = {
			isa = PBXVariantGroup;
			children = (
				ADB9A9B825DCA7CF00E3EFAE /* Base */,
			);
			name = Main.storyboard;
			sourceTree = "<group>";
		};
		ADB9A9BF25DCA7D100E3EFAE /* LaunchScreen.storyboard */ = {
			isa = PBXVariantGroup;
			children = (
				ADB9A9C025DCA7D100E3EFAE /* Base */,
			);
			name = LaunchScreen.storyboard;
			sourceTree = "<group>";
		};
/* End PBXVariantGroup section */

/* Begin XCBuildConfiguration section */
		ADB9A9C325DCA7D100E3EFAE /* Debug */ = {
			isa = XCBuildConfiguration;
			buildSettings = {
				ALWAYS_SEARCH_USER_PATHS = NO;
				CLANG_ANALYZER_NONNULL = YES;
				CLANG_ANALYZER_NUMBER_OBJECT_CONVERSION = YES_AGGRESSIVE;
				CLANG_CXX_LANGUAGE_STANDARD = "gnu++14";
				CLANG_CXX_LIBRARY = "libc++";
				CLANG_ENABLE_MODULES = YES;
				CLANG_ENABLE_OBJC_ARC = YES;
				CLANG_ENABLE_OBJC_WEAK = YES;
				CLANG_WARN_BLOCK_CAPTURE_AUTORELEASING = YES;
				CLANG_WARN_BOOL_CONVERSION = YES;
				CLANG_WARN_COMMA = YES;
				CLANG_WARN_CONSTANT_CONVERSION = YES;
				CLANG_WARN_DEPRECATED_OBJC_IMPLEMENTATIONS = YES;
				CLANG_WARN_DIRECT_OBJC_ISA_USAGE = YES_ERROR;
				CLANG_WARN_DOCUMENTATION_COMMENTS = YES;
				CLANG_WARN_EMPTY_BODY = YES;
				CLANG_WARN_ENUM_CONVERSION = YES;
				CLANG_WARN_INFINITE_RECURSION = YES;
				CLANG_WARN_INT_CONVERSION = YES;
				CLANG_WARN_NON_LITERAL_NULL_CONVERSION = YES;
				CLANG_WARN_OBJC_IMPLICIT_RETAIN_SELF = YES;
				CLANG_WARN_OBJC_LITERAL_CONVERSION = YES;
				CLANG_WARN_OBJC_ROOT_CLASS = YES_ERROR;
				CLANG_WARN_QUOTED_INCLUDE_IN_FRAMEWORK_HEADER = YES;
				CLANG_WARN_RANGE_LOOP_ANALYSIS = YES;
				CLANG_WARN_STRICT_PROTOTYPES = YES;
				CLANG_WARN_SUSPICIOUS_MOVE = YES;
				CLANG_WARN_UNGUARDED_AVAILABILITY = YES_AGGRESSIVE;
				CLANG_WARN_UNREACHABLE_CODE = YES;
				CLANG_WARN__DUPLICATE_METHOD_MATCH = YES;
				COPY_PHASE_STRIP = NO;
				DEBUG_INFORMATION_FORMAT = dwarf;
				ENABLE_STRICT_OBJC_MSGSEND = YES;
				ENABLE_TESTABILITY = YES;
				GCC_C_LANGUAGE_STANDARD = gnu11;
				GCC_DYNAMIC_NO_PIC = NO;
				GCC_NO_COMMON_BLOCKS = YES;
				GCC_OPTIMIZATION_LEVEL = 0;
				GCC_PREPROCESSOR_DEFINITIONS = (
					"DEBUG=1",
					"$(inherited)",
				);
				GCC_WARN_64_TO_32_BIT_CONVERSION = YES;
				GCC_WARN_ABOUT_RETURN_TYPE = YES_ERROR;
				GCC_WARN_UNDECLARED_SELECTOR = YES;
				GCC_WARN_UNINITIALIZED_AUTOS = YES_AGGRESSIVE;
				GCC_WARN_UNUSED_FUNCTION = YES;
				GCC_WARN_UNUSED_VARIABLE = YES;
				IPHONEOS_DEPLOYMENT_TARGET = 14.4;
				MTL_ENABLE_DEBUG_INFO = INCLUDE_SOURCE;
				MTL_FAST_MATH = YES;
				ONLY_ACTIVE_ARCH = YES;
				SDKROOT = iphoneos;
				SWIFT_ACTIVE_COMPILATION_CONDITIONS = DEBUG;
				SWIFT_OPTIMIZATION_LEVEL = "-Onone";
			};
			name = Debug;
		};
		ADB9A9C425DCA7D100E3EFAE /* Release */ = {
			isa = XCBuildConfiguration;
			buildSettings = {
				ALWAYS_SEARCH_USER_PATHS = NO;
				CLANG_ANALYZER_NONNULL = YES;
				CLANG_ANALYZER_NUMBER_OBJECT_CONVERSION = YES_AGGRESSIVE;
				CLANG_CXX_LANGUAGE_STANDARD = "gnu++14";
				CLANG_CXX_LIBRARY = "libc++";
				CLANG_ENABLE_MODULES = YES;
				CLANG_ENABLE_OBJC_ARC = YES;
				CLANG_ENABLE_OBJC_WEAK = YES;
				CLANG_WARN_BLOCK_CAPTURE_AUTORELEASING = YES;
				CLANG_WARN_BOOL_CONVERSION = YES;
				CLANG_WARN_COMMA = YES;
				CLANG_WARN_CONSTANT_CONVERSION = YES;
				CLANG_WARN_DEPRECATED_OBJC_IMPLEMENTATIONS = YES;
				CLANG_WARN_DIRECT_OBJC_ISA_USAGE = YES_ERROR;
				CLANG_WARN_DOCUMENTATION_COMMENTS = YES;
				CLANG_WARN_EMPTY_BODY = YES;
				CLANG_WARN_ENUM_CONVERSION = YES;
				CLANG_WARN_INFINITE_RECURSION = YES;
				CLANG_WARN_INT_CONVERSION = YES;
				CLANG_WARN_NON_LITERAL_NULL_CONVERSION = YES;
				CLANG_WARN_OBJC_IMPLICIT_RETAIN_SELF = YES;
				CLANG_WARN_OBJC_LITERAL_CONVERSION = YES;
				CLANG_WARN_OBJC_ROOT_CLASS = YES_ERROR;
				CLANG_WARN_QUOTED_INCLUDE_IN_FRAMEWORK_HEADER = YES;
				CLANG_WARN_RANGE_LOOP_ANALYSIS = YES;
				CLANG_WARN_STRICT_PROTOTYPES = YES;
				CLANG_WARN_SUSPICIOUS_MOVE = YES;
				CLANG_WARN_UNGUARDED_AVAILABILITY = YES_AGGRESSIVE;
				CLANG_WARN_UNREACHABLE_CODE = YES;
				CLANG_WARN__DUPLICATE_METHOD_MATCH = YES;
				COPY_PHASE_STRIP = NO;
				DEBUG_INFORMATION_FORMAT = "dwarf-with-dsym";
				ENABLE_NS_ASSERTIONS = NO;
				ENABLE_STRICT_OBJC_MSGSEND = YES;
				GCC_C_LANGUAGE_STANDARD = gnu11;
				GCC_NO_COMMON_BLOCKS = YES;
				GCC_WARN_64_TO_32_BIT_CONVERSION = YES;
				GCC_WARN_ABOUT_RETURN_TYPE = YES_ERROR;
				GCC_WARN_UNDECLARED_SELECTOR = YES;
				GCC_WARN_UNINITIALIZED_AUTOS = YES_AGGRESSIVE;
				GCC_WARN_UNUSED_FUNCTION = YES;
				GCC_WARN_UNUSED_VARIABLE = YES;
				IPHONEOS_DEPLOYMENT_TARGET = 14.4;
				MTL_ENABLE_DEBUG_INFO = NO;
				MTL_FAST_MATH = YES;
				SDKROOT = iphoneos;
				SWIFT_COMPILATION_MODE = wholemodule;
				SWIFT_OPTIMIZATION_LEVEL = "-O";
				VALIDATE_PRODUCT = YES;
			};
			name = Release;
		};
		ADB9A9C625DCA7D100E3EFAE /* Debug */ = {
			isa = XCBuildConfiguration;
			buildSettings = {
				ASSETCATALOG_COMPILER_APPICON_NAME = AppIcon;
				ASSETCATALOG_COMPILER_GLOBAL_ACCENT_COLOR_NAME = AccentColor;
				CODE_SIGN_STYLE = Automatic;
				INFOPLIST_FILE = TableViewSearchController/Info.plist;
				LD_RUNPATH_SEARCH_PATHS = (
					"$(inherited)",
					"@executable_path/Frameworks",
				);
				PRODUCT_BUNDLE_IDENTIFIER = Ram.TableViewSearchController;
				PRODUCT_NAME = "$(TARGET_NAME)";
				SWIFT_VERSION = 5.0;
				TARGETED_DEVICE_FAMILY = "1,2";
			};
			name = Debug;
		};
		ADB9A9C725DCA7D100E3EFAE /* Release */ = {
			isa = XCBuildConfiguration;
			buildSettings = {
				ASSETCATALOG_COMPILER_APPICON_NAME = AppIcon;
				ASSETCATALOG_COMPILER_GLOBAL_ACCENT_COLOR_NAME = AccentColor;
				CODE_SIGN_STYLE = Automatic;
				INFOPLIST_FILE = TableViewSearchController/Info.plist;
				LD_RUNPATH_SEARCH_PATHS = (
					"$(inherited)",
					"@executable_path/Frameworks",
				);
				PRODUCT_BUNDLE_IDENTIFIER = Ram.TableViewSearchController;
				PRODUCT_NAME = "$(TARGET_NAME)";
				SWIFT_VERSION = 5.0;
				TARGETED_DEVICE_FAMILY = "1,2";
			};
			name = Release;
		};
/* End XCBuildConfiguration section */

/* Begin XCConfigurationList section */
		ADB9A9A925DCA7CF00E3EFAE /* Build configuration list for PBXProject "TableViewSearchController" */ = {
			isa = XCConfigurationList;
			buildConfigurations = (
				ADB9A9C325DCA7D100E3EFAE /* Debug */,
				ADB9A9C425DCA7D100E3EFAE /* Release */,
			);
			defaultConfigurationIsVisible = 0;
			defaultConfigurationName = Release;
		};
		ADB9A9C525DCA7D100E3EFAE /* Build configuration list for PBXNativeTarget "TableViewSearchController" */ = {
			isa = XCConfigurationList;
			buildConfigurations = (
				ADB9A9C625DCA7D100E3EFAE /* Debug */,
				ADB9A9C725DCA7D100E3EFAE /* Release */,
			);
			defaultConfigurationIsVisible = 0;
			defaultConfigurationName = Release;
		};
/* End XCConfigurationList section */

/* Begin XCVersionGroup section */
		ADB9A9BA25DCA7CF00E3EFAE /* TableViewSearchController.xcdatamodeld */ = {
			isa = XCVersionGroup;
			children = (
				ADB9A9BB25DCA7CF00E3EFAE /* TableViewSearchController.xcdatamodel */,
			);
			currentVersion = ADB9A9BB25DCA7CF00E3EFAE /* TableViewSearchController.xcdatamodel */;
			path = TableViewSearchController.xcdatamodeld;
			sourceTree = "<group>";
			versionGroupType = wrapper.xcdatamodel;
		};
/* End XCVersionGroup section */
	};
	rootObject = ADB9A9A625DCA7CF00E3EFAE /* Project object */;
}
